
Microsoft Visual Studio Solution File, Format Version 12.00
# Visual Studio Version 16
VisualStudioVersion = 16.0.29001.49
MinimumVisualStudioVersion = 10.0.40219.1
Project("{8BC9CEB8-8B4A-11D0-8D11-00A0C91BC942}") = "BridgePattern", "BridgePattern.vcxproj", "{AED5FE3D-BBD2-45B4-9573-35FAECD35353}"
EndProject
Global
	GlobalSection(SolutionConfigurationPlatforms) = preSolution
		Debug|x64 = Debug|x64
		Debug|x86 = Debug|x86
		Release|x64 = Release|x64
		Release|x86 = Release|x86
	EndGlobalSection
	GlobalSection(ProjectConfigurationPlatforms) = postSolution
		{AED5FE3D-BBD2-45B4-9573-35FAECD35353}.Debug|x64.ActiveCfg = Debug|x64
		{AED5FE3D-BBD2-45B4-9573-35FAECD35353}.Debug|x64.Build.0 = Debug|x64
		{AED5FE3D-BBD2-45B4-9573-35FAECD35353}.Debug|x86.ActiveCfg = Debug|Win32
		{AED5FE3D-BBD2-45B4-9573-35FAECD35353}.Debug|x86.Build.0 = Debug|Win32
		{AED5FE3D-BBD2-45B4-9573-35FAECD35353}.Release|x64.ActiveCfg = Release|x64
		{AED5FE3D-BBD2-45B4-9573-35FAECD35353}.Release|x64.Build.0 = Release|x64
		{AED5FE3D-BBD2-45B4-9573-35FAECD35353}.Release|x86.ActiveCfg = Release|Win32
		{AED5FE3D-BBD2-45B4-9573-35FAECD35353}.Release|x86.Build.0 = Release|Win32
	EndGlobalSection
	GlobalSection(SolutionProperties) = preSolution
		HideSolutionNode = FALSE
	EndGlobalSection
	GlobalSection(ExtensibilityGlobals) = postSolution
		SolutionGuid = {5803BBB7-6D64-46E3-823D-C6FAF0AD3E3F}
	EndGlobalSection
EndGlobal
